
Microsoft Visual Studio Solution File, Format Version 12.00
# Visual Studio Version 16
VisualStudioVersion = 16.0.30011.22
MinimumVisualStudioVersion = 10.0.40219.1
Project("{FAE04EC0-301F-11D3-BF4B-00C04F79EFBC}") = "TinyCRM", "TinyCRM\TinyCRM.csproj", "{AA6D516E-C5F5-4FA4-A8DE-BB0308B45C64}"
EndProject
Global
	GlobalSection(SolutionConfigurationPlatforms) = preSolution
		Debug|Any CPU = Debug|Any CPU
		Release|Any CPU = Release|Any CPU
	EndGlobalSection
	GlobalSection(ProjectConfigurationPlatforms) = postSolution
		{AA6D516E-C5F5-4FA4-A8DE-BB0308B45C64}.Debug|Any CPU.ActiveCfg = Debug|Any CPU
		{AA6D516E-C5F5-4FA4-A8DE-BB0308B45C64}.Debug|Any CPU.Build.0 = Debug|Any CPU
		{AA6D516E-C5F5-4FA4-A8DE-BB0308B45C64}.Release|Any CPU.ActiveCfg = Release|Any CPU
		{AA6D516E-C5F5-4FA4-A8DE-BB0308B45C64}.Release|Any CPU.Build.0 = Release|Any CPU
	EndGlobalSection
	GlobalSection(SolutionProperties) = preSolution
		HideSolutionNode = FALSE
	EndGlobalSection
	GlobalSection(ExtensibilityGlobals) = postSolution
		SolutionGuid = {B06784F0-B3A8-44B8-AF8E-40B0576DDF29}
	EndGlobalSection
EndGlobal
